dependencies:
- name: cert-manager-csi-driver-cacerts
  repository: oci://ghcr.io/appscode-charts
  version: v2024.7.28
- name: vcluster
  repository: oci://ghcr.io/appscode-charts
  version: 0.20.0
digest: sha256:47155a4655da407b114d668ff9a0ccd8e4b02d34a056810cfb2d3325f77f1180
generated: "2024-10-14T15:50:27.458067-07:00"
