dependencies:
- name: cert-manager-csi-driver-cacerts
  repository: oci://ghcr.io/appscode-charts
  version: v2024.10.17
- name: vcluster
  repository: oci://ghcr.io/appscode-charts
  version: 0.22.0
digest: sha256:202ba4e2965ca8575938a74b046e7b772f07d9495cc824496e9d795c1226a6b0
generated: "2025-02-20T17:56:09.031137-08:00"
