dependencies:
- name: cert-manager-csi-driver-cacerts
  repository: oci://ghcr.io/appscode-charts
  version: v2024.7.28
- name: vcluster-k0s
  repository: oci://ghcr.io/appscode-charts
  version: 0.19.7
digest: sha256:b7f89180b77d15aa03ae62977a6cce40633fc58400dff2656656dbae1eae7c79
generated: "2024-07-28T11:18:21.063777-04:00"
